Microsoft Visual Studio Solution File, Format Version 11.00
# Visual Studio 2008

Project("{66C7D510-113A-2B10-B8A8-E20C56D9A319}") = "Unity3DSample", "Assembly-CSharp-firstpass.csproj", "{0B858EAB-1AAA-E153-E164-07230B64261D}"
EndProject
Project("{66C7D510-113A-2B10-B8A8-E20C56D9A319}") = "Unity3DSample", "Assembly-UnityScript-firstpass.unityproj", "{741EACDD-DC93-2D43-DA99-F2A2AD0E72B7}"
EndProject
Project("{66C7D510-113A-2B10-B8A8-E20C56D9A319}") = "Unity3DSample", "Assembly-UnityScript.unityproj", "{4812077D-22F7-0470-DA11-4039E5543FF0}"
EndProject
Global
	GlobalSection(SolutionConfigurationPlatforms) = preSolution
		Debug|Any CPU = Debug|Any CPU
		Release|Any CPU = Release|Any CPU
	EndGlobalSection
	GlobalSection(ProjectConfigurationPlatforms) = postSolution
		{0B858EAB-1AAA-E153-E164-07230B64261D}.Debug|Any CPU.ActiveCfg = Debug|Any CPU
		{0B858EAB-1AAA-E153-E164-07230B64261D}.Debug|Any CPU.Build.0 = Debug|Any CPU
		{0B858EAB-1AAA-E153-E164-07230B64261D}.Release|Any CPU.ActiveCfg = Release|Any CPU
		{0B858EAB-1AAA-E153-E164-07230B64261D}.Release|Any CPU.Build.0 = Release|Any CPU
		{741EACDD-DC93-2D43-DA99-F2A2AD0E72B7}.Debug|Any CPU.ActiveCfg = Debug|Any CPU
		{741EACDD-DC93-2D43-DA99-F2A2AD0E72B7}.Debug|Any CPU.Build.0 = Debug|Any CPU
		{741EACDD-DC93-2D43-DA99-F2A2AD0E72B7}.Release|Any CPU.ActiveCfg = Release|Any CPU
		{741EACDD-DC93-2D43-DA99-F2A2AD0E72B7}.Release|Any CPU.Build.0 = Release|Any CPU
		{4812077D-22F7-0470-DA11-4039E5543FF0}.Debug|Any CPU.ActiveCfg = Debug|Any CPU
		{4812077D-22F7-0470-DA11-4039E5543FF0}.Debug|Any CPU.Build.0 = Debug|Any CPU
		{4812077D-22F7-0470-DA11-4039E5543FF0}.Release|Any CPU.ActiveCfg = Release|Any CPU
		{4812077D-22F7-0470-DA11-4039E5543FF0}.Release|Any CPU.Build.0 = Release|Any CPU
	EndGlobalSection
	GlobalSection(SolutionProperties) = preSolution
		HideSolutionNode = FALSE
	EndGlobalSection
	GlobalSection(MonoDevelopProperties) = preSolution
		StartupItem = Assembly-CSharp.csproj
		Policies = $0
		$0.TextStylePolicy = $1
		$1.inheritsSet = null
		$1.scope = text/x-csharp
		$0.CSharpFormattingPolicy = $2
		$2.inheritsSet = Mono
		$2.inheritsScope = text/x-csharp
		$2.scope = text/x-csharp
		$0.TextStylePolicy = $3
		$3.FileWidth = 120
		$3.TabWidth = 4
		$3.EolMarker = Unix
		$3.inheritsSet = Mono
		$3.inheritsScope = text/plain
		$3.scope = text/plain
	EndGlobalSection
EndGlobal
